
Microsoft Visual Studio Solution File, Format Version 12.00
# Visual Studio 15
Project("{FAE04EC0-301F-11D3-BF4B-00C04F79EFBC}") = "UnityEngine.TestRunner", "UnityEngine.TestRunner.csproj", "{AD929E02-8186-9001-8C2E-6D1242482DBC}"
EndProject
Project("{FAE04EC0-301F-11D3-BF4B-00C04F79EFBC}") = "Unity.Mathematics", "Unity.Mathematics.csproj", "{93F3F375-0D15-E3F6-12F1-F7735C4557C5}"
EndProject
Project("{FAE04EC0-301F-11D3-BF4B-00C04F79EFBC}") = "Unity.2D.Animation.Triangle.Runtime", "Unity.2D.Animation.Triangle.Runtime.csproj", "{4C071654-D78A-069B-38FF-AD68558DDBDF}"
EndProject
Project("{FAE04EC0-301F-11D3-BF4B-00C04F79EFBC}") = "Unity.Timeline", "Unity.Timeline.csproj", "{96492577-5D7A-440A-909C-92CF80A49612}"
EndProject
Project("{FAE04EC0-301F-11D3-BF4B-00C04F79EFBC}") = "UnityEngine.UI", "UnityEngine.UI.csproj", "{DAE82310-0A20-AB4B-DE08-6420CE94BDD3}"
EndProject
Project("{FAE04EC0-301F-11D3-BF4B-00C04F79EFBC}") = "Unity.TextMeshPro", "Unity.TextMeshPro.csproj", "{BF8E5376-4719-E3BE-E4A7-3B7429FF233A}"
EndProject
Project("{FAE04EC0-301F-11D3-BF4B-00C04F79EFBC}") = "Unity.2D.Animation.Runtime", "Unity.2D.Animation.Runtime.csproj", "{38843AD8-7E4B-FE14-4EB4-7BAA6DED2B19}"
EndProject
Project("{FAE04EC0-301F-11D3-BF4B-00C04F79EFBC}") = "Unity.2D.IK.Runtime", "Unity.2D.IK.Runtime.csproj", "{A69F882E-1F99-2CCA-EF59-F5E88BF8FD55}"
EndProject
Project("{FAE04EC0-301F-11D3-BF4B-00C04F79EFBC}") = "Unity.2D.SpriteShape.Runtime", "Unity.2D.SpriteShape.Runtime.csproj", "{8DB9D499-32C8-2226-5703-0AF6A851DCA1}"
EndProject
Project("{FAE04EC0-301F-11D3-BF4B-00C04F79EFBC}") = "Unity.2D.PixelPerfect", "Unity.2D.PixelPerfect.csproj", "{0E5F6748-1970-8EAE-B2A3-94696F9F0AFC}"
EndProject
Project("{FAE04EC0-301F-11D3-BF4B-00C04F79EFBC}") = "Unity.2D.Common.Runtime", "Unity.2D.Common.Runtime.csproj", "{564BDAFC-EB44-30A1-BB59-D2BF4E2BFC35}"
EndProject
Project("{FAE04EC0-301F-11D3-BF4B-00C04F79EFBC}") = "Unity.InternalAPIEngineBridge.001", "Unity.InternalAPIEngineBridge.001.csproj", "{A4E943DE-26B5-9F0C-3FB1-D04BD02E92E1}"
EndProject
Project("{FAE04EC0-301F-11D3-BF4B-00C04F79EFBC}") = "Assembly-CSharp", "Assembly-CSharp.csproj", "{341A9A86-CD97-E109-4C32-3789A3FAFB55}"
EndProject
Project("{FAE04EC0-301F-11D3-BF4B-00C04F79EFBC}") = "UnityEditor.TestRunner", "UnityEditor.TestRunner.csproj", "{88B98008-72C1-B556-25FF-0F6002B01739}"
EndProject
Project("{FAE04EC0-301F-11D3-BF4B-00C04F79EFBC}") = "Unity.PlasticSCM.Editor", "Unity.PlasticSCM.Editor.csproj", "{19F597D2-BB28-3CED-940F-47E0A462B51E}"
EndProject
Project("{FAE04EC0-301F-11D3-BF4B-00C04F79EFBC}") = "UnityEditor.UI", "UnityEditor.UI.csproj", "{85B31A12-D1A7-B487-BE29-73393DE6F1C2}"
EndProject
Project("{FAE04EC0-301F-11D3-BF4B-00C04F79EFBC}") = "Unity.Timeline.Editor", "Unity.Timeline.Editor.csproj", "{C72A312B-AA59-7A09-565B-58F896AE267C}"
EndProject
Project("{FAE04EC0-301F-11D3-BF4B-00C04F79EFBC}") = "Unity.VisualStudio.Editor", "Unity.VisualStudio.Editor.csproj", "{A69A59C4-D3B0-5F0F-9917-9E1CE9AC0009}"
EndProject
Project("{FAE04EC0-301F-11D3-BF4B-00C04F79EFBC}") = "Unity.2D.Psdimporter.Editor", "Unity.2D.Psdimporter.Editor.csproj", "{9C7ED1F5-D4C2-2FDA-6871-05CA84CB1EEA}"
EndProject
Project("{FAE04EC0-301F-11D3-BF4B-00C04F79EFBC}") = "Unity.2D.Animation.Editor", "Unity.2D.Animation.Editor.csproj", "{9EDAE1D0-CC1E-F2F8-1848-76FFC23E59F4}"
EndProject
Project("{FAE04EC0-301F-11D3-BF4B-00C04F79EFBC}") = "Unity.TextMeshPro.Editor", "Unity.TextMeshPro.Editor.csproj", "{D31593C8-18B2-BBAA-7D4D-41C3EFFA1904}"
EndProject
Project("{FAE04EC0-301F-11D3-BF4B-00C04F79EFBC}") = "Unity.2D.SpriteShape.Editor", "Unity.2D.SpriteShape.Editor.csproj", "{CC3384FC-B46B-EA56-7530-64BC030C5AD7}"
EndProject
Project("{FAE04EC0-301F-11D3-BF4B-00C04F79EFBC}") = "Unity.CollabProxy.Editor", "Unity.CollabProxy.Editor.csproj", "{E4AA385B-B6D0-99DC-035A-A8530D3AD5AE}"
EndProject
Project("{FAE04EC0-301F-11D3-BF4B-00C04F79EFBC}") = "PsdPlugin", "PsdPlugin.csproj", "{FD33598B-0985-DFB9-AB48-ECD4D12699FF}"
EndProject
Project("{FAE04EC0-301F-11D3-BF4B-00C04F79EFBC}") = "Unity.2D.Path.Editor", "Unity.2D.Path.Editor.csproj", "{C5719A3A-48AF-076E-0930-EED877090896}"
EndProject
Project("{FAE04EC0-301F-11D3-BF4B-00C04F79EFBC}") = "Unity.Rider.Editor", "Unity.Rider.Editor.csproj", "{B3606648-E94C-B663-4628-7D87725E03F5}"
EndProject
Project("{FAE04EC0-301F-11D3-BF4B-00C04F79EFBC}") = "Unity.2D.IK.Editor", "Unity.2D.IK.Editor.csproj", "{78708F9B-BEB8-B11F-014B-BD2FA536046B}"
EndProject
Project("{FAE04EC0-301F-11D3-BF4B-00C04F79EFBC}") = "Unity.2D.Sprite.Editor", "Unity.2D.Sprite.Editor.csproj", "{FBA224C7-8FA7-BF56-21B2-F91086BDD165}"
EndProject
Project("{FAE04EC0-301F-11D3-BF4B-00C04F79EFBC}") = "Unity.2D.Tilemap.Editor", "Unity.2D.Tilemap.Editor.csproj", "{0E4835EA-F896-31BE-18A0-31EA5AD58156}"
EndProject
Project("{FAE04EC0-301F-11D3-BF4B-00C04F79EFBC}") = "Unity.2D.PixelPerfect.Editor", "Unity.2D.PixelPerfect.Editor.csproj", "{321FB67A-F8B0-100B-3FDF-9B03C7A216BD}"
EndProject
Project("{FAE04EC0-301F-11D3-BF4B-00C04F79EFBC}") = "Unity.VSCode.Editor", "Unity.VSCode.Editor.csproj", "{6CE8BBBA-420F-C29E-6E85-3387076A00B0}"
EndProject
Project("{FAE04EC0-301F-11D3-BF4B-00C04F79EFBC}") = "Unity.2D.Common.Editor", "Unity.2D.Common.Editor.csproj", "{76E1ED20-DA94-D79D-588B-1F7114A3F65D}"
EndProject
Project("{FAE04EC0-301F-11D3-BF4B-00C04F79EFBC}") = "Unity.Mathematics.Editor", "Unity.Mathematics.Editor.csproj", "{F28CF4C5-927C-DB22-4A7A-FF5D79C40535}"
EndProject
Project("{FAE04EC0-301F-11D3-BF4B-00C04F79EFBC}") = "Unity.InternalAPIEditorBridge.001", "Unity.InternalAPIEditorBridge.001.csproj", "{7383087E-AAB5-5A7B-E61F-ABDE91B81B81}"
EndProject
Project("{FAE04EC0-301F-11D3-BF4B-00C04F79EFBC}") = "UnityEngine.TestRunner", "UnityEngine.TestRunner.Player.csproj", "{8F177FBF-DD4F-0E05-226B-0FCD50346DDF}"
EndProject
Project("{FAE04EC0-301F-11D3-BF4B-00C04F79EFBC}") = "Unity.Mathematics", "Unity.Mathematics.Player.csproj", "{20C62BB4-C6A2-14B0-775B-C4B4DED5C50D}"
EndProject
Project("{FAE04EC0-301F-11D3-BF4B-00C04F79EFBC}") = "Unity.2D.Animation.Triangle.Runtime", "Unity.2D.Animation.Triangle.Runtime.Player.csproj", "{06A34314-618D-9AC4-2DCC-6BE9CCDADE32}"
EndProject
Project("{FAE04EC0-301F-11D3-BF4B-00C04F79EFBC}") = "Unity.Timeline", "Unity.Timeline.Player.csproj", "{591CBA39-D9D4-722B-4DB7-34D2C7A0ECDF}"
EndProject
Project("{FAE04EC0-301F-11D3-BF4B-00C04F79EFBC}") = "UnityEngine.UI", "UnityEngine.UI.Player.csproj", "{5608621C-9E41-FC56-FCD7-3878DB6C6121}"
EndProject
Project("{FAE04EC0-301F-11D3-BF4B-00C04F79EFBC}") = "Unity.TextMeshPro", "Unity.TextMeshPro.Player.csproj", "{03DBE2E0-AB2C-22CC-7554-5D61F6A5540F}"
EndProject
Project("{FAE04EC0-301F-11D3-BF4B-00C04F79EFBC}") = "Unity.2D.Animation.Runtime", "Unity.2D.Animation.Runtime.Player.csproj", "{B19D714C-C5AF-11E9-036B-4FAA74A57BC7}"
EndProject
Project("{FAE04EC0-301F-11D3-BF4B-00C04F79EFBC}") = "Unity.2D.IK.Runtime", "Unity.2D.IK.Runtime.Player.csproj", "{D174D788-FAAF-925A-0779-A5A97EB311AE}"
EndProject
Project("{FAE04EC0-301F-11D3-BF4B-00C04F79EFBC}") = "Unity.2D.SpriteShape.Runtime", "Unity.2D.SpriteShape.Runtime.Player.csproj", "{8A5728C9-DCA6-7F54-892F-B31E77B509FF}"
EndProject
Project("{FAE04EC0-301F-11D3-BF4B-00C04F79EFBC}") = "Unity.2D.PixelPerfect", "Unity.2D.PixelPerfect.Player.csproj", "{2D187CA8-9630-CEAE-2898-49FCB766B24D}"
EndProject
Project("{FAE04EC0-301F-11D3-BF4B-00C04F79EFBC}") = "Unity.2D.Common.Runtime", "Unity.2D.Common.Runtime.Player.csproj", "{057D9D37-F0D3-3099-B5A1-8A2EBC793110}"
EndProject
Project("{FAE04EC0-301F-11D3-BF4B-00C04F79EFBC}") = "Unity.InternalAPIEngineBridge.001", "Unity.InternalAPIEngineBridge.001.Player.csproj", "{1F0AE8D8-E88C-305E-71FA-2790B3E23939}"
EndProject
Project("{FAE04EC0-301F-11D3-BF4B-00C04F79EFBC}") = "Assembly-CSharp", "Assembly-CSharp.Player.csproj", "{9524514C-5041-CA3B-6E90-503B12A143F5}"
EndProject
Global
	GlobalSection(SolutionConfigurationPlatforms) = preSolution
		Debug|Any CPU = Debug|Any CPU
		Release|Any CPU = Release|Any CPU
	EndGlobalSection
	GlobalSection(ProjectConfigurationPlatforms) = postSolution
		{AD929E02-8186-9001-8C2E-6D1242482DBC}.Debug|Any CPU.ActiveCfg = Debug|Any CPU
		{AD929E02-8186-9001-8C2E-6D1242482DBC}.Debug|Any CPU.Build.0 = Debug|Any CPU
		{AD929E02-8186-9001-8C2E-6D1242482DBC}.Release|Any CPU.ActiveCfg = Release|Any CPU
		{AD929E02-8186-9001-8C2E-6D1242482DBC}.Release|Any CPU.Build.0 = Release|Any CPU
		{93F3F375-0D15-E3F6-12F1-F7735C4557C5}.Debug|Any CPU.ActiveCfg = Debug|Any CPU
		{93F3F375-0D15-E3F6-12F1-F7735C4557C5}.Debug|Any CPU.Build.0 = Debug|Any CPU
		{93F3F375-0D15-E3F6-12F1-F7735C4557C5}.Release|Any CPU.ActiveCfg = Release|Any CPU
		{93F3F375-0D15-E3F6-12F1-F7735C4557C5}.Release|Any CPU.Build.0 = Release|Any CPU
		{4C071654-D78A-069B-38FF-AD68558DDBDF}.Debug|Any CPU.ActiveCfg = Debug|Any CPU
		{4C071654-D78A-069B-38FF-AD68558DDBDF}.Debug|Any CPU.Build.0 = Debug|Any CPU
		{4C071654-D78A-069B-38FF-AD68558DDBDF}.Release|Any CPU.ActiveCfg = Release|Any CPU
		{4C071654-D78A-069B-38FF-AD68558DDBDF}.Release|Any CPU.Build.0 = Release|Any CPU
		{96492577-5D7A-440A-909C-92CF80A49612}.Debug|Any CPU.ActiveCfg = Debug|Any CPU
		{96492577-5D7A-440A-909C-92CF80A49612}.Debug|Any CPU.Build.0 = Debug|Any CPU
		{96492577-5D7A-440A-909C-92CF80A49612}.Release|Any CPU.ActiveCfg = Release|Any CPU
		{96492577-5D7A-440A-909C-92CF80A49612}.Release|Any CPU.Build.0 = Release|Any CPU
		{DAE82310-0A20-AB4B-DE08-6420CE94BDD3}.Debug|Any CPU.ActiveCfg = Debug|Any CPU
		{DAE82310-0A20-AB4B-DE08-6420CE94BDD3}.Debug|Any CPU.Build.0 = Debug|Any CPU
		{DAE82310-0A20-AB4B-DE08-6420CE94BDD3}.Release|Any CPU.ActiveCfg = Release|Any CPU
		{DAE82310-0A20-AB4B-DE08-6420CE94BDD3}.Release|Any CPU.Build.0 = Release|Any CPU
		{BF8E5376-4719-E3BE-E4A7-3B7429FF233A}.Debug|Any CPU.ActiveCfg = Debug|Any CPU
		{BF8E5376-4719-E3BE-E4A7-3B7429FF233A}.Debug|Any CPU.Build.0 = Debug|Any CPU
		{BF8E5376-4719-E3BE-E4A7-3B7429FF233A}.Release|Any CPU.ActiveCfg = Release|Any CPU
		{BF8E5376-4719-E3BE-E4A7-3B7429FF233A}.Release|Any CPU.Build.0 = Release|Any CPU
		{38843AD8-7E4B-FE14-4EB4-7BAA6DED2B19}.Debug|Any CPU.ActiveCfg = Debug|Any CPU
		{38843AD8-7E4B-FE14-4EB4-7BAA6DED2B19}.Debug|Any CPU.Build.0 = Debug|Any CPU
		{38843AD8-7E4B-FE14-4EB4-7BAA6DED2B19}.Release|Any CPU.ActiveCfg = Release|Any CPU
		{38843AD8-7E4B-FE14-4EB4-7BAA6DED2B19}.Release|Any CPU.Build.0 = Release|Any CPU
		{A69F882E-1F99-2CCA-EF59-F5E88BF8FD55}.Debug|Any CPU.ActiveCfg = Debug|Any CPU
		{A69F882E-1F99-2CCA-EF59-F5E88BF8FD55}.Debug|Any CPU.Build.0 = Debug|Any CPU
		{A69F882E-1F99-2CCA-EF59-F5E88BF8FD55}.Release|Any CPU.ActiveCfg = Release|Any CPU
		{A69F882E-1F99-2CCA-EF59-F5E88BF8FD55}.Release|Any CPU.Build.0 = Release|Any CPU
		{8DB9D499-32C8-2226-5703-0AF6A851DCA1}.Debug|Any CPU.ActiveCfg = Debug|Any CPU
		{8DB9D499-32C8-2226-5703-0AF6A851DCA1}.Debug|Any CPU.Build.0 = Debug|Any CPU
		{8DB9D499-32C8-2226-5703-0AF6A851DCA1}.Release|Any CPU.ActiveCfg = Release|Any CPU
		{8DB9D499-32C8-2226-5703-0AF6A851DCA1}.Release|Any CPU.Build.0 = Release|Any CPU
		{0E5F6748-1970-8EAE-B2A3-94696F9F0AFC}.Debug|Any CPU.ActiveCfg = Debug|Any CPU
		{0E5F6748-1970-8EAE-B2A3-94696F9F0AFC}.Debug|Any CPU.Build.0 = Debug|Any CPU
		{0E5F6748-1970-8EAE-B2A3-94696F9F0AFC}.Release|Any CPU.ActiveCfg = Release|Any CPU
		{0E5F6748-1970-8EAE-B2A3-94696F9F0AFC}.Release|Any CPU.Build.0 = Release|Any CPU
		{564BDAFC-EB44-30A1-BB59-D2BF4E2BFC35}.Debug|Any CPU.ActiveCfg = Debug|Any CPU
		{564BDAFC-EB44-30A1-BB59-D2BF4E2BFC35}.Debug|Any CPU.Build.0 = Debug|Any CPU
		{564BDAFC-EB44-30A1-BB59-D2BF4E2BFC35}.Release|Any CPU.ActiveCfg = Release|Any CPU
		{564BDAFC-EB44-30A1-BB59-D2BF4E2BFC35}.Release|Any CPU.Build.0 = Release|Any CPU
		{A4E943DE-26B5-9F0C-3FB1-D04BD02E92E1}.Debug|Any CPU.ActiveCfg = Debug|Any CPU
		{A4E943DE-26B5-9F0C-3FB1-D04BD02E92E1}.Debug|Any CPU.Build.0 = Debug|Any CPU
		{A4E943DE-26B5-9F0C-3FB1-D04BD02E92E1}.Release|Any CPU.ActiveCfg = Release|Any CPU
		{A4E943DE-26B5-9F0C-3FB1-D04BD02E92E1}.Release|Any CPU.Build.0 = Release|Any CPU
		{341A9A86-CD97-E109-4C32-3789A3FAFB55}.Debug|Any CPU.ActiveCfg = Debug|Any CPU
		{341A9A86-CD97-E109-4C32-3789A3FAFB55}.Debug|Any CPU.Build.0 = Debug|Any CPU
		{341A9A86-CD97-E109-4C32-3789A3FAFB55}.Release|Any CPU.ActiveCfg = Release|Any CPU
		{341A9A86-CD97-E109-4C32-3789A3FAFB55}.Release|Any CPU.Build.0 = Release|Any CPU
		{88B98008-72C1-B556-25FF-0F6002B01739}.Debug|Any CPU.ActiveCfg = Debug|Any CPU
		{88B98008-72C1-B556-25FF-0F6002B01739}.Debug|Any CPU.Build.0 = Debug|Any CPU
		{88B98008-72C1-B556-25FF-0F6002B01739}.Release|Any CPU.ActiveCfg = Release|Any CPU
		{88B98008-72C1-B556-25FF-0F6002B01739}.Release|Any CPU.Build.0 = Release|Any CPU
		{19F597D2-BB28-3CED-940F-47E0A462B51E}.Debug|Any CPU.ActiveCfg = Debug|Any CPU
		{19F597D2-BB28-3CED-940F-47E0A462B51E}.Debug|Any CPU.Build.0 = Debug|Any CPU
		{19F597D2-BB28-3CED-940F-47E0A462B51E}.Release|Any CPU.ActiveCfg = Release|Any CPU
		{19F597D2-BB28-3CED-940F-47E0A462B51E}.Release|Any CPU.Build.0 = Release|Any CPU
		{85B31A12-D1A7-B487-BE29-73393DE6F1C2}.Debug|Any CPU.ActiveCfg = Debug|Any CPU
		{85B31A12-D1A7-B487-BE29-73393DE6F1C2}.Debug|Any CPU.Build.0 = Debug|Any CPU
		{85B31A12-D1A7-B487-BE29-73393DE6F1C2}.Release|Any CPU.ActiveCfg = Release|Any CPU
		{85B31A12-D1A7-B487-BE29-73393DE6F1C2}.Release|Any CPU.Build.0 = Release|Any CPU
		{C72A312B-AA59-7A09-565B-58F896AE267C}.Debug|Any CPU.ActiveCfg = Debug|Any CPU
		{C72A312B-AA59-7A09-565B-58F896AE267C}.Debug|Any CPU.Build.0 = Debug|Any CPU
		{C72A312B-AA59-7A09-565B-58F896AE267C}.Release|Any CPU.ActiveCfg = Release|Any CPU
		{C72A312B-AA59-7A09-565B-58F896AE267C}.Release|Any CPU.Build.0 = Release|Any CPU
		{A69A59C4-D3B0-5F0F-9917-9E1CE9AC0009}.Debug|Any CPU.ActiveCfg = Debug|Any CPU
		{A69A59C4-D3B0-5F0F-9917-9E1CE9AC0009}.Debug|Any CPU.Build.0 = Debug|Any CPU
		{A69A59C4-D3B0-5F0F-9917-9E1CE9AC0009}.Release|Any CPU.ActiveCfg = Release|Any CPU
		{A69A59C4-D3B0-5F0F-9917-9E1CE9AC0009}.Release|Any CPU.Build.0 = Release|Any CPU
		{9C7ED1F5-D4C2-2FDA-6871-05CA84CB1EEA}.Debug|Any CPU.ActiveCfg = Debug|Any CPU
		{9C7ED1F5-D4C2-2FDA-6871-05CA84CB1EEA}.Debug|Any CPU.Build.0 = Debug|Any CPU
		{9C7ED1F5-D4C2-2FDA-6871-05CA84CB1EEA}.Release|Any CPU.ActiveCfg = Release|Any CPU
		{9C7ED1F5-D4C2-2FDA-6871-05CA84CB1EEA}.Release|Any CPU.Build.0 = Release|Any CPU
		{9EDAE1D0-CC1E-F2F8-1848-76FFC23E59F4}.Debug|Any CPU.ActiveCfg = Debug|Any CPU
		{9EDAE1D0-CC1E-F2F8-1848-76FFC23E59F4}.Debug|Any CPU.Build.0 = Debug|Any CPU
		{9EDAE1D0-CC1E-F2F8-1848-76FFC23E59F4}.Release|Any CPU.ActiveCfg = Release|Any CPU
		{9EDAE1D0-CC1E-F2F8-1848-76FFC23E59F4}.Release|Any CPU.Build.0 = Release|Any CPU
		{D31593C8-18B2-BBAA-7D4D-41C3EFFA1904}.Debug|Any CPU.ActiveCfg = Debug|Any CPU
		{D31593C8-18B2-BBAA-7D4D-41C3EFFA1904}.Debug|Any CPU.Build.0 = Debug|Any CPU
		{D31593C8-18B2-BBAA-7D4D-41C3EFFA1904}.Release|Any CPU.ActiveCfg = Release|Any CPU
		{D31593C8-18B2-BBAA-7D4D-41C3EFFA1904}.Release|Any CPU.Build.0 = Release|Any CPU
		{CC3384FC-B46B-EA56-7530-64BC030C5AD7}.Debug|Any CPU.ActiveCfg = Debug|Any CPU
		{CC3384FC-B46B-EA56-7530-64BC030C5AD7}.Debug|Any CPU.Build.0 = Debug|Any CPU
		{CC3384FC-B46B-EA56-7530-64BC030C5AD7}.Release|Any CPU.ActiveCfg = Release|Any CPU
		{CC3384FC-B46B-EA56-7530-64BC030C5AD7}.Release|Any CPU.Build.0 = Release|Any CPU
		{E4AA385B-B6D0-99DC-035A-A8530D3AD5AE}.Debug|Any CPU.ActiveCfg = Debug|Any CPU
		{E4AA385B-B6D0-99DC-035A-A8530D3AD5AE}.Debug|Any CPU.Build.0 = Debug|Any CPU
		{E4AA385B-B6D0-99DC-035A-A8530D3AD5AE}.Release|Any CPU.ActiveCfg = Release|Any CPU
		{E4AA385B-B6D0-99DC-035A-A8530D3AD5AE}.Release|Any CPU.Build.0 = Release|Any CPU
		{FD33598B-0985-DFB9-AB48-ECD4D12699FF}.Debug|Any CPU.ActiveCfg = Debug|Any CPU
		{FD33598B-0985-DFB9-AB48-ECD4D12699FF}.Debug|Any CPU.Build.0 = Debug|Any CPU
		{FD33598B-0985-DFB9-AB48-ECD4D12699FF}.Release|Any CPU.ActiveCfg = Release|Any CPU
		{FD33598B-0985-DFB9-AB48-ECD4D12699FF}.Release|Any CPU.Build.0 = Release|Any CPU
		{C5719A3A-48AF-076E-0930-EED877090896}.Debug|Any CPU.ActiveCfg = Debug|Any CPU
		{C5719A3A-48AF-076E-0930-EED877090896}.Debug|Any CPU.Build.0 = Debug|Any CPU
		{C5719A3A-48AF-076E-0930-EED877090896}.Release|Any CPU.ActiveCfg = Release|Any CPU
		{C5719A3A-48AF-076E-0930-EED877090896}.Release|Any CPU.Build.0 = Release|Any CPU
		{B3606648-E94C-B663-4628-7D87725E03F5}.Debug|Any CPU.ActiveCfg = Debug|Any CPU
		{B3606648-E94C-B663-4628-7D87725E03F5}.Debug|Any CPU.Build.0 = Debug|Any CPU
		{B3606648-E94C-B663-4628-7D87725E03F5}.Release|Any CPU.ActiveCfg = Release|Any CPU
		{B3606648-E94C-B663-4628-7D87725E03F5}.Release|Any CPU.Build.0 = Release|Any CPU
		{78708F9B-BEB8-B11F-014B-BD2FA536046B}.Debug|Any CPU.ActiveCfg = Debug|Any CPU
		{78708F9B-BEB8-B11F-014B-BD2FA536046B}.Debug|Any CPU.Build.0 = Debug|Any CPU
		{78708F9B-BEB8-B11F-014B-BD2FA536046B}.Release|Any CPU.ActiveCfg = Release|Any CPU
		{78708F9B-BEB8-B11F-014B-BD2FA536046B}.Release|Any CPU.Build.0 = Release|Any CPU
		{FBA224C7-8FA7-BF56-21B2-F91086BDD165}.Debug|Any CPU.ActiveCfg = Debug|Any CPU
		{FBA224C7-8FA7-BF56-21B2-F91086BDD165}.Debug|Any CPU.Build.0 = Debug|Any CPU
		{FBA224C7-8FA7-BF56-21B2-F91086BDD165}.Release|Any CPU.ActiveCfg = Release|Any CPU
		{FBA224C7-8FA7-BF56-21B2-F91086BDD165}.Release|Any CPU.Build.0 = Release|Any CPU
		{0E4835EA-F896-31BE-18A0-31EA5AD58156}.Debug|Any CPU.ActiveCfg = Debug|Any CPU
		{0E4835EA-F896-31BE-18A0-31EA5AD58156}.Debug|Any CPU.Build.0 = Debug|Any CPU
		{0E4835EA-F896-31BE-18A0-31EA5AD58156}.Release|Any CPU.ActiveCfg = Release|Any CPU
		{0E4835EA-F896-31BE-18A0-31EA5AD58156}.Release|Any CPU.Build.0 = Release|Any CPU
		{321FB67A-F8B0-100B-3FDF-9B03C7A216BD}.Debug|Any CPU.ActiveCfg = Debug|Any CPU
		{321FB67A-F8B0-100B-3FDF-9B03C7A216BD}.Debug|Any CPU.Build.0 = Debug|Any CPU
		{321FB67A-F8B0-100B-3FDF-9B03C7A216BD}.Release|Any CPU.ActiveCfg = Release|Any CPU
		{321FB67A-F8B0-100B-3FDF-9B03C7A216BD}.Release|Any CPU.Build.0 = Release|Any CPU
		{6CE8BBBA-420F-C29E-6E85-3387076A00B0}.Debug|Any CPU.ActiveCfg = Debug|Any CPU
		{6CE8BBBA-420F-C29E-6E85-3387076A00B0}.Debug|Any CPU.Build.0 = Debug|Any CPU
		{6CE8BBBA-420F-C29E-6E85-3387076A00B0}.Release|Any CPU.ActiveCfg = Release|Any CPU
		{6CE8BBBA-420F-C29E-6E85-3387076A00B0}.Release|Any CPU.Build.0 = Release|Any CPU
		{76E1ED20-DA94-D79D-588B-1F7114A3F65D}.Debug|Any CPU.ActiveCfg = Debug|Any CPU
		{76E1ED20-DA94-D79D-588B-1F7114A3F65D}.Debug|Any CPU.Build.0 = Debug|Any CPU
		{76E1ED20-DA94-D79D-588B-1F7114A3F65D}.Release|Any CPU.ActiveCfg = Release|Any CPU
		{76E1ED20-DA94-D79D-588B-1F7114A3F65D}.Release|Any CPU.Build.0 = Release|Any CPU
		{F28CF4C5-927C-DB22-4A7A-FF5D79C40535}.Debug|Any CPU.ActiveCfg = Debug|Any CPU
		{F28CF4C5-927C-DB22-4A7A-FF5D79C40535}.Debug|Any CPU.Build.0 = Debug|Any CPU
		{F28CF4C5-927C-DB22-4A7A-FF5D79C40535}.Release|Any CPU.ActiveCfg = Release|Any CPU
		{F28CF4C5-927C-DB22-4A7A-FF5D79C40535}.Release|Any CPU.Build.0 = Release|Any CPU
		{7383087E-AAB5-5A7B-E61F-ABDE91B81B81}.Debug|Any CPU.ActiveCfg = Debug|Any CPU
		{7383087E-AAB5-5A7B-E61F-ABDE91B81B81}.Debug|Any CPU.Build.0 = Debug|Any CPU
		{7383087E-AAB5-5A7B-E61F-ABDE91B81B81}.Release|Any CPU.ActiveCfg = Release|Any CPU
		{7383087E-AAB5-5A7B-E61F-ABDE91B81B81}.Release|Any CPU.Build.0 = Release|Any CPU
		{8F177FBF-DD4F-0E05-226B-0FCD50346DDF}.Debug|Any CPU.ActiveCfg = Debug|Any CPU
		{8F177FBF-DD4F-0E05-226B-0FCD50346DDF}.Debug|Any CPU.Build.0 = Debug|Any CPU
		{8F177FBF-DD4F-0E05-226B-0FCD50346DDF}.Release|Any CPU.ActiveCfg = Release|Any CPU
		{8F177FBF-DD4F-0E05-226B-0FCD50346DDF}.Release|Any CPU.Build.0 = Release|Any CPU
		{20C62BB4-C6A2-14B0-775B-C4B4DED5C50D}.Debug|Any CPU.ActiveCfg = Debug|Any CPU
		{20C62BB4-C6A2-14B0-775B-C4B4DED5C50D}.Debug|Any CPU.Build.0 = Debug|Any CPU
		{20C62BB4-C6A2-14B0-775B-C4B4DED5C50D}.Release|Any CPU.ActiveCfg = Release|Any CPU
		{20C62BB4-C6A2-14B0-775B-C4B4DED5C50D}.Release|Any CPU.Build.0 = Release|Any CPU
		{06A34314-618D-9AC4-2DCC-6BE9CCDADE32}.Debug|Any CPU.ActiveCfg = Debug|Any CPU
		{06A34314-618D-9AC4-2DCC-6BE9CCDADE32}.Debug|Any CPU.Build.0 = Debug|Any CPU
		{06A34314-618D-9AC4-2DCC-6BE9CCDADE32}.Release|Any CPU.ActiveCfg = Release|Any CPU
		{06A34314-618D-9AC4-2DCC-6BE9CCDADE32}.Release|Any CPU.Build.0 = Release|Any CPU
		{591CBA39-D9D4-722B-4DB7-34D2C7A0ECDF}.Debug|Any CPU.ActiveCfg = Debug|Any CPU
		{591CBA39-D9D4-722B-4DB7-34D2C7A0ECDF}.Debug|Any CPU.Build.0 = Debug|Any CPU
		{591CBA39-D9D4-722B-4DB7-34D2C7A0ECDF}.Release|Any CPU.ActiveCfg = Release|Any CPU
		{591CBA39-D9D4-722B-4DB7-34D2C7A0ECDF}.Release|Any CPU.Build.0 = Release|Any CPU
		{5608621C-9E41-FC56-FCD7-3878DB6C6121}.Debug|Any CPU.ActiveCfg = Debug|Any CPU
		{5608621C-9E41-FC56-FCD7-3878DB6C6121}.Debug|Any CPU.Build.0 = Debug|Any CPU
		{5608621C-9E41-FC56-FCD7-3878DB6C6121}.Release|Any CPU.ActiveCfg = Release|Any CPU
		{5608621C-9E41-FC56-FCD7-3878DB6C6121}.Release|Any CPU.Build.0 = Release|Any CPU
		{03DBE2E0-AB2C-22CC-7554-5D61F6A5540F}.Debug|Any CPU.ActiveCfg = Debug|Any CPU
		{03DBE2E0-AB2C-22CC-7554-5D61F6A5540F}.Debug|Any CPU.Build.0 = Debug|Any CPU
		{03DBE2E0-AB2C-22CC-7554-5D61F6A5540F}.Release|Any CPU.ActiveCfg = Release|Any CPU
		{03DBE2E0-AB2C-22CC-7554-5D61F6A5540F}.Release|Any CPU.Build.0 = Release|Any CPU
		{B19D714C-C5AF-11E9-036B-4FAA74A57BC7}.Debug|Any CPU.ActiveCfg = Debug|Any CPU
		{B19D714C-C5AF-11E9-036B-4FAA74A57BC7}.Debug|Any CPU.Build.0 = Debug|Any CPU
		{B19D714C-C5AF-11E9-036B-4FAA74A57BC7}.Release|Any CPU.ActiveCfg = Release|Any CPU
		{B19D714C-C5AF-11E9-036B-4FAA74A57BC7}.Release|Any CPU.Build.0 = Release|Any CPU
		{D174D788-FAAF-925A-0779-A5A97EB311AE}.Debug|Any CPU.ActiveCfg = Debug|Any CPU
		{D174D788-FAAF-925A-0779-A5A97EB311AE}.Debug|Any CPU.Build.0 = Debug|Any CPU
		{D174D788-FAAF-925A-0779-A5A97EB311AE}.Release|Any CPU.ActiveCfg = Release|Any CPU
		{D174D788-FAAF-925A-0779-A5A97EB311AE}.Release|Any CPU.Build.0 = Release|Any CPU
		{8A5728C9-DCA6-7F54-892F-B31E77B509FF}.Debug|Any CPU.ActiveCfg = Debug|Any CPU
		{8A5728C9-DCA6-7F54-892F-B31E77B509FF}.Debug|Any CPU.Build.0 = Debug|Any CPU
		{8A5728C9-DCA6-7F54-892F-B31E77B509FF}.Release|Any CPU.ActiveCfg = Release|Any CPU
		{8A5728C9-DCA6-7F54-892F-B31E77B509FF}.Release|Any CPU.Build.0 = Release|Any CPU
		{2D187CA8-9630-CEAE-2898-49FCB766B24D}.Debug|Any CPU.ActiveCfg = Debug|Any CPU
		{2D187CA8-9630-CEAE-2898-49FCB766B24D}.Debug|Any CPU.Build.0 = Debug|Any CPU
		{2D187CA8-9630-CEAE-2898-49FCB766B24D}.Release|Any CPU.ActiveCfg = Release|Any CPU
		{2D187CA8-9630-CEAE-2898-49FCB766B24D}.Release|Any CPU.Build.0 = Release|Any CPU
		{057D9D37-F0D3-3099-B5A1-8A2EBC793110}.Debug|Any CPU.ActiveCfg = Debug|Any CPU
		{057D9D37-F0D3-3099-B5A1-8A2EBC793110}.Debug|Any CPU.Build.0 = Debug|Any CPU
		{057D9D37-F0D3-3099-B5A1-8A2EBC793110}.Release|Any CPU.ActiveCfg = Release|Any CPU
		{057D9D37-F0D3-3099-B5A1-8A2EBC793110}.Release|Any CPU.Build.0 = Release|Any CPU
		{1F0AE8D8-E88C-305E-71FA-2790B3E23939}.Debug|Any CPU.ActiveCfg = Debug|Any CPU
		{1F0AE8D8-E88C-305E-71FA-2790B3E23939}.Debug|Any CPU.Build.0 = Debug|Any CPU
		{1F0AE8D8-E88C-305E-71FA-2790B3E23939}.Release|Any CPU.ActiveCfg = Release|Any CPU
		{1F0AE8D8-E88C-305E-71FA-2790B3E23939}.Release|Any CPU.Build.0 = Release|Any CPU
		{9524514C-5041-CA3B-6E90-503B12A143F5}.Debug|Any CPU.ActiveCfg = Debug|Any CPU
		{9524514C-5041-CA3B-6E90-503B12A143F5}.Debug|Any CPU.Build.0 = Debug|Any CPU
		{9524514C-5041-CA3B-6E90-503B12A143F5}.Release|Any CPU.ActiveCfg = Release|Any CPU
		{9524514C-5041-CA3B-6E90-503B12A143F5}.Release|Any CPU.Build.0 = Release|Any CPU
	EndGlobalSection
	GlobalSection(SolutionProperties) = preSolution
		HideSolutionNode = FALSE
	EndGlobalSection
EndGlobal
